
Microsoft Visual Studio Solution File, Format Version 12.00
# Visual Studio Version 16
VisualStudioVersion = 16.0.31911.196
MinimumVisualStudioVersion = 10.0.40219.1
Project("{FAE04EC0-301F-11D3-BF4B-00C04F79EFBC}") = "Make2DMonitor", "Make2DMonitor\Make2DMonitor.csproj", "{29885413-3244-4EE3-9CB0-0172F85BCC09}"
EndProject
Global
	GlobalSection(SolutionConfigurationPlatforms) = preSolution
		Debug|Any CPU = Debug|Any CPU
		Release|Any CPU = Release|Any CPU
	EndGlobalSection
	GlobalSection(ProjectConfigurationPlatforms) = postSolution
		{29885413-3244-4EE3-9CB0-0172F85BCC09}.Debug|Any CPU.ActiveCfg = Debug|Any CPU
		{29885413-3244-4EE3-9CB0-0172F85BCC09}.Debug|Any CPU.Build.0 = Debug|Any CPU
		{29885413-3244-4EE3-9CB0-0172F85BCC09}.Release|Any CPU.ActiveCfg = Release|Any CPU
		{29885413-3244-4EE3-9CB0-0172F85BCC09}.Release|Any CPU.Build.0 = Release|Any CPU
	EndGlobalSection
	GlobalSection(SolutionProperties) = preSolution
		HideSolutionNode = FALSE
	EndGlobalSection
	GlobalSection(ExtensibilityGlobals) = postSolution
		SolutionGuid = {F268FDBE-C9D9-4EE1-8C3A-55ACF35EA5D5}
	EndGlobalSection
EndGlobal
